
Microsoft Visual Studio Solution File, Format Version 12.00
# Visual Studio 15
VisualStudioVersion = 15.0.28307.136
MinimumVisualStudioVersion = 10.0.40219.1
Project("{2150E333-8FDC-42A3-9474-1A3956D46DE8}") = "src", "src", "{4844039F-30D3-46D6-8A97-424BD920025E}"
EndProject
Project("{2150E333-8FDC-42A3-9474-1A3956D46DE8}") = "Core", "Core", "{D4A5B505-EB1E-43BB-A283-19AE4BB734BA}"
EndProject
Project("{2150E333-8FDC-42A3-9474-1A3956D46DE8}") = "Microservices", "Microservices", "{8E3FE622-5744-48D9-B216-6922FA163D2E}"
EndProject
Project("{2150E333-8FDC-42A3-9474-1A3956D46DE8}") = "AuthServer", "AuthServer", "{CD7C3A75-509A-4FAB-88A6-5705B5F2E5FE}"
EndProject
Project("{2150E333-8FDC-42A3-9474-1A3956D46DE8}") = "Order", "Order", "{B0377938-379A-49A2-A022-3EF3F3AE446F}"
EndProject
Project("{2150E333-8FDC-42A3-9474-1A3956D46DE8}") = "Vendor", "Vendor", "{EE53CE1D-9D2B-411A-B909-03E04D1CAADC}"
EndProject
Project("{2150E333-8FDC-42A3-9474-1A3956D46DE8}") = "WebFront", "WebFront", "{22486997-B677-497B-B945-BB688356AA18}"
EndProject
Project("{FAE04EC0-301F-11D3-BF4B-00C04F79EFBC}") = "Infrastructure", "Infrastructure\Infrastructure.csproj", "{C58EDF8E-383A-4731-BD7D-EE3FB8559345}"
EndProject
Project("{FAE04EC0-301F-11D3-BF4B-00C04F79EFBC}") = "APIComponents", "APIComponents\APIComponents.csproj", "{950BF3B7-D57E-4497-970E-1C5ED5090D50}"
EndProject
Project("{FAE04EC0-301F-11D3-BF4B-00C04F79EFBC}") = "Identity.AuthServer", "Identity.AuthServer\Identity.AuthServer.csproj", "{DDCB0E01-B76E-49D3-A180-451604E069D0}"
	ProjectSection(ProjectDependencies) = postProject
		{C58EDF8E-383A-4731-BD7D-EE3FB8559345} = {C58EDF8E-383A-4731-BD7D-EE3FB8559345}
	EndProjectSection
EndProject
Project("{FAE04EC0-301F-11D3-BF4B-00C04F79EFBC}") = "Vendor.API", "Vendor.API\Vendor.API.csproj", "{DC255652-6E77-4EAA-992A-EB29D0C58212}"
	ProjectSection(ProjectDependencies) = postProject
		{C58EDF8E-383A-4731-BD7D-EE3FB8559345} = {C58EDF8E-383A-4731-BD7D-EE3FB8559345}
	EndProjectSection
EndProject
Project("{FAE04EC0-301F-11D3-BF4B-00C04F79EFBC}") = "Vendor.Domain", "Vendor.Domain\Vendor.Domain.csproj", "{0D7DC25C-8917-4D5F-A0E6-857EFB217758}"
EndProject
Project("{FAE04EC0-301F-11D3-BF4B-00C04F79EFBC}") = "Vendor.Infrastructure", "Vendor.Infrastructure\Vendor.Infrastructure.csproj", "{E7082E7F-DCEE-4882-8262-6D486C041F5F}"
EndProject
Project("{FAE04EC0-301F-11D3-BF4B-00C04F79EFBC}") = "OrderAPI", "OrderAPI\OrderAPI.csproj", "{0E02C17F-008D-43A1-AF60-41A1A4FCEA38}"
EndProject
Project("{FAE04EC0-301F-11D3-BF4B-00C04F79EFBC}") = "Order.Domain", "Order.Domain\Order.Domain.csproj", "{BE50F72A-3732-42F2-B3D5-E72B079469A8}"
EndProject
Project("{FAE04EC0-301F-11D3-BF4B-00C04F79EFBC}") = "Order.Infrastructure", "Order.Infrastructure\Order.Infrastructure.csproj", "{90BD3EA7-5F54-4087-95B0-2D92DAB5662E}"
EndProject
Project("{FAE04EC0-301F-11D3-BF4B-00C04F79EFBC}") = "BusinessWebApp", "BusinessWebApp\BusinessWebApp.csproj", "{0E3ADDDE-4B11-4DE8-899D-46E3954152D2}"
EndProject
Global
	GlobalSection(SolutionConfigurationPlatforms) = preSolution
		Debug|Any CPU = Debug|Any CPU
		Release|Any CPU = Release|Any CPU
	EndGlobalSection
	GlobalSection(ProjectConfigurationPlatforms) = postSolution
		{C58EDF8E-383A-4731-BD7D-EE3FB8559345}.Debug|Any CPU.ActiveCfg = Debug|Any CPU
		{C58EDF8E-383A-4731-BD7D-EE3FB8559345}.Debug|Any CPU.Build.0 = Debug|Any CPU
		{C58EDF8E-383A-4731-BD7D-EE3FB8559345}.Release|Any CPU.ActiveCfg = Release|Any CPU
		{C58EDF8E-383A-4731-BD7D-EE3FB8559345}.Release|Any CPU.Build.0 = Release|Any CPU
		{950BF3B7-D57E-4497-970E-1C5ED5090D50}.Debug|Any CPU.ActiveCfg = Debug|Any CPU
		{950BF3B7-D57E-4497-970E-1C5ED5090D50}.Debug|Any CPU.Build.0 = Debug|Any CPU
		{950BF3B7-D57E-4497-970E-1C5ED5090D50}.Release|Any CPU.ActiveCfg = Release|Any CPU
		{950BF3B7-D57E-4497-970E-1C5ED5090D50}.Release|Any CPU.Build.0 = Release|Any CPU
		{DDCB0E01-B76E-49D3-A180-451604E069D0}.Debug|Any CPU.ActiveCfg = Debug|Any CPU
		{DDCB0E01-B76E-49D3-A180-451604E069D0}.Debug|Any CPU.Build.0 = Debug|Any CPU
		{DDCB0E01-B76E-49D3-A180-451604E069D0}.Release|Any CPU.ActiveCfg = Release|Any CPU
		{DDCB0E01-B76E-49D3-A180-451604E069D0}.Release|Any CPU.Build.0 = Release|Any CPU
		{DC255652-6E77-4EAA-992A-EB29D0C58212}.Debug|Any CPU.ActiveCfg = Debug|Any CPU
		{DC255652-6E77-4EAA-992A-EB29D0C58212}.Debug|Any CPU.Build.0 = Debug|Any CPU
		{DC255652-6E77-4EAA-992A-EB29D0C58212}.Release|Any CPU.ActiveCfg = Release|Any CPU
		{DC255652-6E77-4EAA-992A-EB29D0C58212}.Release|Any CPU.Build.0 = Release|Any CPU
		{0D7DC25C-8917-4D5F-A0E6-857EFB217758}.Debug|Any CPU.ActiveCfg = Debug|Any CPU
		{0D7DC25C-8917-4D5F-A0E6-857EFB217758}.Debug|Any CPU.Build.0 = Debug|Any CPU
		{0D7DC25C-8917-4D5F-A0E6-857EFB217758}.Release|Any CPU.ActiveCfg = Release|Any CPU
		{0D7DC25C-8917-4D5F-A0E6-857EFB217758}.Release|Any CPU.Build.0 = Release|Any CPU
		{E7082E7F-DCEE-4882-8262-6D486C041F5F}.Debug|Any CPU.ActiveCfg = Debug|Any CPU
		{E7082E7F-DCEE-4882-8262-6D486C041F5F}.Debug|Any CPU.Build.0 = Debug|Any CPU
		{E7082E7F-DCEE-4882-8262-6D486C041F5F}.Release|Any CPU.ActiveCfg = Release|Any CPU
		{E7082E7F-DCEE-4882-8262-6D486C041F5F}.Release|Any CPU.Build.0 = Release|Any CPU
		{0E02C17F-008D-43A1-AF60-41A1A4FCEA38}.Debug|Any CPU.ActiveCfg = Debug|Any CPU
		{0E02C17F-008D-43A1-AF60-41A1A4FCEA38}.Debug|Any CPU.Build.0 = Debug|Any CPU
		{0E02C17F-008D-43A1-AF60-41A1A4FCEA38}.Release|Any CPU.ActiveCfg = Release|Any CPU
		{0E02C17F-008D-43A1-AF60-41A1A4FCEA38}.Release|Any CPU.Build.0 = Release|Any CPU
		{BE50F72A-3732-42F2-B3D5-E72B079469A8}.Debug|Any CPU.ActiveCfg = Debug|Any CPU
		{BE50F72A-3732-42F2-B3D5-E72B079469A8}.Debug|Any CPU.Build.0 = Debug|Any CPU
		{BE50F72A-3732-42F2-B3D5-E72B079469A8}.Release|Any CPU.ActiveCfg = Release|Any CPU
		{BE50F72A-3732-42F2-B3D5-E72B079469A8}.Release|Any CPU.Build.0 = Release|Any CPU
		{90BD3EA7-5F54-4087-95B0-2D92DAB5662E}.Debug|Any CPU.ActiveCfg = Debug|Any CPU
		{90BD3EA7-5F54-4087-95B0-2D92DAB5662E}.Debug|Any CPU.Build.0 = Debug|Any CPU
		{90BD3EA7-5F54-4087-95B0-2D92DAB5662E}.Release|Any CPU.ActiveCfg = Release|Any CPU
		{90BD3EA7-5F54-4087-95B0-2D92DAB5662E}.Release|Any CPU.Build.0 = Release|Any CPU
		{0E3ADDDE-4B11-4DE8-899D-46E3954152D2}.Debug|Any CPU.ActiveCfg = Debug|Any CPU
		{0E3ADDDE-4B11-4DE8-899D-46E3954152D2}.Debug|Any CPU.Build.0 = Debug|Any CPU
		{0E3ADDDE-4B11-4DE8-899D-46E3954152D2}.Release|Any CPU.ActiveCfg = Release|Any CPU
		{0E3ADDDE-4B11-4DE8-899D-46E3954152D2}.Release|Any CPU.Build.0 = Release|Any CPU
	EndGlobalSection
	GlobalSection(SolutionProperties) = preSolution
		HideSolutionNode = FALSE
	EndGlobalSection
	GlobalSection(NestedProjects) = preSolution
		{D4A5B505-EB1E-43BB-A283-19AE4BB734BA} = {4844039F-30D3-46D6-8A97-424BD920025E}
		{8E3FE622-5744-48D9-B216-6922FA163D2E} = {4844039F-30D3-46D6-8A97-424BD920025E}
		{CD7C3A75-509A-4FAB-88A6-5705B5F2E5FE} = {8E3FE622-5744-48D9-B216-6922FA163D2E}
		{B0377938-379A-49A2-A022-3EF3F3AE446F} = {8E3FE622-5744-48D9-B216-6922FA163D2E}
		{EE53CE1D-9D2B-411A-B909-03E04D1CAADC} = {8E3FE622-5744-48D9-B216-6922FA163D2E}
		{22486997-B677-497B-B945-BB688356AA18} = {4844039F-30D3-46D6-8A97-424BD920025E}
		{C58EDF8E-383A-4731-BD7D-EE3FB8559345} = {D4A5B505-EB1E-43BB-A283-19AE4BB734BA}
		{950BF3B7-D57E-4497-970E-1C5ED5090D50} = {D4A5B505-EB1E-43BB-A283-19AE4BB734BA}
		{DDCB0E01-B76E-49D3-A180-451604E069D0} = {CD7C3A75-509A-4FAB-88A6-5705B5F2E5FE}
		{DC255652-6E77-4EAA-992A-EB29D0C58212} = {EE53CE1D-9D2B-411A-B909-03E04D1CAADC}
		{0D7DC25C-8917-4D5F-A0E6-857EFB217758} = {EE53CE1D-9D2B-411A-B909-03E04D1CAADC}
		{E7082E7F-DCEE-4882-8262-6D486C041F5F} = {EE53CE1D-9D2B-411A-B909-03E04D1CAADC}
		{0E02C17F-008D-43A1-AF60-41A1A4FCEA38} = {B0377938-379A-49A2-A022-3EF3F3AE446F}
		{BE50F72A-3732-42F2-B3D5-E72B079469A8} = {B0377938-379A-49A2-A022-3EF3F3AE446F}
		{90BD3EA7-5F54-4087-95B0-2D92DAB5662E} = {B0377938-379A-49A2-A022-3EF3F3AE446F}
		{0E3ADDDE-4B11-4DE8-899D-46E3954152D2} = {22486997-B677-497B-B945-BB688356AA18}
	EndGlobalSection
	GlobalSection(ExtensibilityGlobals) = postSolution
		SolutionGuid = {75EFC41E-E79A-4375-8635-DDA0F14DE4D0}
	EndGlobalSection
EndGlobal
